
Microsoft Visual Studio Solution File, Format Version 12.00
# Visual Studio Version 16
VisualStudioVersion = 16.0.29806.167
MinimumVisualStudioVersion = 10.0.40219.1
Project("{FAE04EC0-301F-11D3-BF4B-00C04F79EFBC}") = "MLNetWpfApp", "MLNetWpfApp\MLNetWpfApp.csproj", "{FAEA977C-D825-4672-ABFC-80618191A9A6}"
EndProject
Global
	GlobalSection(SolutionConfigurationPlatforms) = preSolution
		Debug|Any CPU = Debug|Any CPU
		Release|Any CPU = Release|Any CPU
	EndGlobalSection
	GlobalSection(ProjectConfigurationPlatforms) = postSolution
		{FAEA977C-D825-4672-ABFC-80618191A9A6}.Debug|Any CPU.ActiveCfg = Debug|Any CPU
		{FAEA977C-D825-4672-ABFC-80618191A9A6}.Debug|Any CPU.Build.0 = Debug|Any CPU
		{FAEA977C-D825-4672-ABFC-80618191A9A6}.Release|Any CPU.ActiveCfg = Release|Any CPU
		{FAEA977C-D825-4672-ABFC-80618191A9A6}.Release|Any CPU.Build.0 = Release|Any CPU
	EndGlobalSection
	GlobalSection(SolutionProperties) = preSolution
		HideSolutionNode = FALSE
	EndGlobalSection
	GlobalSection(ExtensibilityGlobals) = postSolution
		SolutionGuid = {6466A73D-7782-4D78-BE23-BA55002C3483}
	EndGlobalSection
EndGlobal
